
Microsoft Visual Studio Solution File, Format Version 12.00
Project("{FAE04EC0-301F-11D3-BF4B-00C04F79EFBC}") = "EmpSystem", "EmpSystem\EmpSystem.csproj", "{0F7D7C4A-F606-42C4-A7E1-D6CE7FCAE2BF}"
EndProject
Global
	GlobalSection(SolutionConfigurationPlatforms) = preSolution
		Debug|Any CPU = Debug|Any CPU
		Release|Any CPU = Release|Any CPU
	EndGlobalSection
	GlobalSection(ProjectConfigurationPlatforms) = postSolution
		{0F7D7C4A-F606-42C4-A7E1-D6CE7FCAE2BF}.Debug|Any CPU.ActiveCfg = Debug|Any CPU
		{0F7D7C4A-F606-42C4-A7E1-D6CE7FCAE2BF}.Debug|Any CPU.Build.0 = Debug|Any CPU
		{0F7D7C4A-F606-42C4-A7E1-D6CE7FCAE2BF}.Release|Any CPU.ActiveCfg = Release|Any CPU
		{0F7D7C4A-F606-42C4-A7E1-D6CE7FCAE2BF}.Release|Any CPU.Build.0 = Release|Any CPU
	EndGlobalSection
EndGlobal
